Microsoft Visual Studio Solution File, Format Version 12.00
# Visual Studio Version 17
VisualStudioVersion = 17.5.2.0
MinimumVisualStudioVersion = 10.0.40219.1
Project("{2150E333-8FDC-42A3-9474-1A3956D46DE8}") = "TimeTracker", "TimeTracker", "{212A73B3-2368-74F9-A429-A6A88C3E80E9}"
EndProject
Project("{FAE04EC0-301F-11D3-BF4B-00C04F79EFBC}") = "TimeTracjer", "TimeTracker\TimeTracjer.csproj", "{78AE708B-07C3-F9B5-102C-88901D2D0440}"
EndProject
Global
	GlobalSection(SolutionConfigurationPlatforms) = preSolution
		Debug|Any CPU = Debug|Any CPU
		Release|Any CPU = Release|Any CPU
	EndGlobalSection
	GlobalSection(ProjectConfigurationPlatforms) = postSolution
		{78AE708B-07C3-F9B5-102C-88901D2D0440}.Debug|Any CPU.ActiveCfg = Debug|Any CPU
		{78AE708B-07C3-F9B5-102C-88901D2D0440}.Debug|Any CPU.Build.0 = Debug|Any CPU
		{78AE708B-07C3-F9B5-102C-88901D2D0440}.Release|Any CPU.ActiveCfg = Release|Any CPU
		{78AE708B-07C3-F9B5-102C-88901D2D0440}.Release|Any CPU.Build.0 = Release|Any CPU
	EndGlobalSection
	GlobalSection(SolutionProperties) = preSolution
		HideSolutionNode = FALSE
	EndGlobalSection
	GlobalSection(NestedProjects) = preSolution
		{78AE708B-07C3-F9B5-102C-88901D2D0440} = {212A73B3-2368-74F9-A429-A6A88C3E80E9}
	EndGlobalSection
	GlobalSection(ExtensibilityGlobals) = postSolution
		SolutionGuid = {882B6A78-A9F8-4049-A280-1902CCC55E7F}
	EndGlobalSection
EndGlobal
